{
  "object": {
    "pins": [
      {
        "package": "ESColor",
        "repositoryURL": "https://github.com/KKLater/ESColor.git",
        "state": {
          "branch": null,
          "revision": "3af8bd7bbd6317d7bcab8c332f2276b1bae417aa",
          "version": "0.0.1"
        }
      }
    ]
  },
  "version": 1
}
