{
  "object": {
    "pins": [
      {
        "package": "ESColor",
        "repositoryURL": "https://github.com/KKLater/ESColor.git",
        "state": {
          "branch": "dev",
          "revision": "ced517b7a98cb7c2dca1d6279d90c685165fcd4c",
          "version": null
        }
      }
    ]
  },
  "version": 1
}
