{
  "object": {
    "pins": [
      {
        "package": "ESColor",
        "repositoryURL": "https://github.com/KKLater/ESColor.git",
        "state": {
          "branch": "dev",
          "revision": "10be1e3a8694e6fa79385c6472c044882168804f",
          "version": null
        }
      }
    ]
  },
  "version": 1
}
