{
  "object": {
    "pins": [
      {
        "package": "ESColor",
        "repositoryURL": "https://github.com/KKLater/ESColor.git",
        "state": {
          "branch": "dev",
          "revision": "8bd04dc3c5f22244d33fdc8693cc3c555b378081",
          "version": null
        }
      }
    ]
  },
  "version": 1
}
